// !$*UTF8*$!
{
	archiveVersion = 1;
	classes = {
	};
	objectVersion = 46;
	objects = {

/* Begin PBXBuildFile section */
		372C7BD41BF0911F001A08F0 /* JSAndOCViewController.m in Sources */ = {isa = PBXBuildFile; fileRef = 372C7BD31BF0911F001A08F0 /* JSAndOCViewController.m */; };
		372C7BD81BF09678001A08F0 /* test.html in Resources */ = {isa = PBXBuildFile; fileRef = 372C7BD71BF09678001A08F0 /* test.html */; };
		372C7BDB1BF098F0001A08F0 /* WebLoadedViewController.m in Sources */ = {isa = PBXBuildFile; fileRef = 372C7BDA1BF098F0001A08F0 /* WebLoadedViewController.m */; };
		37AAF16F1BF04985003DB6A8 /* main.m in Sources */ = {isa = PBXBuildFile; fileRef = 37AAF16E1BF04985003DB6A8 /* main.m */; };
		37AAF1721BF04985003DB6A8 /* AppDelegate.m in Sources */ = {isa = PBXBuildFile; fileRef = 37AAF1711BF04985003DB6A8 /* AppDelegate.m */; };
		37AAF17A1BF04985003DB6A8 /* Assets.xcassets in Resources */ = {isa = PBXBuildFile; fileRef = 37AAF1791BF04985003DB6A8 /* Assets.xcassets */; };
		37AAF17D1BF04985003DB6A8 /* LaunchScreen.storyboard in Resources */ = {isa = PBXBuildFile; fileRef = 37AAF17B1BF04985003DB6A8 /* LaunchScreen.storyboard */; };
		37AAF18F1BF04B0F003DB6A8 /* CDLoadExceptionView.m in Sources */ = {isa = PBXBuildFile; fileRef = 37AAF18E1BF04B0F003DB6A8 /* CDLoadExceptionView.m */; };
		37AAF1911BF04B37003DB6A8 /* CDLoadExceptionView.xib in Resources */ = {isa = PBXBuildFile; fileRef = 37AAF1901BF04B37003DB6A8 /* CDLoadExceptionView.xib */; };
		37AAF1961BF04CBA003DB6A8 /* CDWebView.m in Sources */ = {isa = PBXBuildFile; fileRef = 37AAF1951BF04CBA003DB6A8 /* CDWebView.m */; };
		37AAF1991BF04D6E003DB6A8 /* MBProgressHUD.m in Sources */ = {isa = PBXBuildFile; fileRef = 37AAF1981BF04D6E003DB6A8 /* MBProgressHUD.m */; };
		37AAF19C1BF04F3D003DB6A8 /* WebKit.framework in Frameworks */ = {isa = PBXBuildFile; fileRef = 37AAF19B1BF04F3D003DB6A8 /* WebKit.framework */; };
		37AAF19E1BF04F43003DB6A8 /* JavaScriptCore.framework in Frameworks */ = {isa = PBXBuildFile; fileRef = 37AAF19D1BF04F43003DB6A8 /* JavaScriptCore.framework */; };
		37AAF1A31BF07028003DB6A8 /* ViewController.m in Sources */ = {isa = PBXBuildFile; fileRef = 37AAF1A21BF07028003DB6A8 /* ViewController.m */; };
		37AAF1A71BF07849003DB6A8 /* img_no_one.png in Resources */ = {isa = PBXBuildFile; fileRef = 37AAF1A61BF07849003DB6A8 /* img_no_one.png */; };
/* End PBXBuildFile section */

/* Begin PBXFileReference section */
		372C7BD21BF0911F001A08F0 /* JSAndOCViewController.h */ = {isa = PBXFileReference; fileEncoding = 4; lastKnownFileType = sourcecode.c.h; path = JSAndOCViewController.h; sourceTree = "<group>"; };
		372C7BD31BF0911F001A08F0 /* JSAndOCViewController.m */ = {isa = PBXFileReference; fileEncoding = 4; lastKnownFileType = sourcecode.c.objc; path = JSAndOCViewController.m; sourceTree = "<group>"; };
		372C7BD71BF09678001A08F0 /* test.html */ = {isa = PBXFileReference; fileEncoding = 4; lastKnownFileType = text.html; path = test.html; sourceTree = "<group>"; };
		372C7BD91BF098F0001A08F0 /* WebLoadedViewController.h */ = {isa = PBXFileReference; fileEncoding = 4; lastKnownFileType = sourcecode.c.h; path = WebLoadedViewController.h; sourceTree = "<group>"; };
		372C7BDA1BF098F0001A08F0 /* WebLoadedViewController.m */ = {isa = PBXFileReference; fileEncoding = 4; lastKnownFileType = sourcecode.c.objc; path = WebLoadedViewController.m; sourceTree = "<group>"; };
		37AAF16A1BF04985003DB6A8 /* TestDemo.app */ = {isa = PBXFileReference; explicitFileType = wrapper.application; includeInIndex = 0; path = TestDemo.app; sourceTree = BUILT_PRODUCTS_DIR; };
		37AAF16E1BF04985003DB6A8 /* main.m */ = {isa = PBXFileReference; lastKnownFileType = sourcecode.c.objc; path = main.m; sourceTree = "<group>"; };
		37AAF1701BF04985003DB6A8 /* AppDelegate.h */ = {isa = PBXFileReference; lastKnownFileType = sourcecode.c.h; path = AppDelegate.h; sourceTree = "<group>"; };
		37AAF1711BF04985003DB6A8 /* AppDelegate.m */ = {isa = PBXFileReference; lastKnownFileType = sourcecode.c.objc; path = AppDelegate.m; sourceTree = "<group>"; };
		37AAF1791BF04985003DB6A8 /* Assets.xcassets */ = {isa = PBXFileReference; lastKnownFileType = folder.assetcatalog; path = Assets.xcassets; sourceTree = "<group>"; };
		37AAF17C1BF04985003DB6A8 /* Base */ = {isa = PBXFileReference; lastKnownFileType = file.storyboard; name = Base; path = Base.lproj/LaunchScreen.storyboard; sourceTree = "<group>"; };
		37AAF17E1BF04985003DB6A8 /* Info.plist */ = {isa = PBXFileReference; lastKnownFileType = text.plist.xml; path = Info.plist; sourceTree = "<group>"; };
		37AAF18D1BF04B0F003DB6A8 /* CDLoadExceptionView.h */ = {isa = PBXFileReference; fileEncoding = 4; lastKnownFileType = sourcecode.c.h; path = CDLoadExceptionView.h; sourceTree = "<group>"; };
		37AAF18E1BF04B0F003DB6A8 /* CDLoadExceptionView.m */ = {isa = PBXFileReference; fileEncoding = 4; lastKnownFileType = sourcecode.c.objc; path = CDLoadExceptionView.m; sourceTree = "<group>"; };
		37AAF1901BF04B37003DB6A8 /* CDLoadExceptionView.xib */ = {isa = PBXFileReference; fileEncoding = 4; lastKnownFileType = file.xib; path = CDLoadExceptionView.xib; sourceTree = "<group>"; };
		37AAF1941BF04CBA003DB6A8 /* CDWebView.h */ = {isa = PBXFileReference; fileEncoding = 4; lastKnownFileType = sourcecode.c.h; path = CDWebView.h; sourceTree = "<group>"; };
		37AAF1951BF04CBA003DB6A8 /* CDWebView.m */ = {isa = PBXFileReference; fileEncoding = 4; lastKnownFileType = sourcecode.c.objc; path = CDWebView.m; sourceTree = "<group>"; };
		37AAF1971BF04D6E003DB6A8 /* MBProgressHUD.h */ = {isa = PBXFileReference; fileEncoding = 4; lastKnownFileType = sourcecode.c.h; path = MBProgressHUD.h; sourceTree = "<group>"; };
		37AAF1981BF04D6E003DB6A8 /* MBProgressHUD.m */ = {isa = PBXFileReference; fileEncoding = 4; lastKnownFileType = sourcecode.c.objc; path = MBProgressHUD.m; sourceTree = "<group>"; };
		37AAF19B1BF04F3D003DB6A8 /* WebKit.framework */ = {isa = PBXFileReference; lastKnownFileType = wrapper.framework; name = WebKit.framework; path = System/Library/Frameworks/WebKit.framework; sourceTree = SDKROOT; };
		37AAF19D1BF04F43003DB6A8 /* JavaScriptCore.framework */ = {isa = PBXFileReference; lastKnownFileType = wrapper.framework; name = JavaScriptCore.framework; path = System/Library/Frameworks/JavaScriptCore.framework; sourceTree = SDKROOT; };
		37AAF1A11BF07028003DB6A8 /* ViewController.h */ = {isa = PBXFileReference; fileEncoding = 4; lastKnownFileType = sourcecode.c.h; path = ViewController.h; sourceTree = "<group>"; };
		37AAF1A21BF07028003DB6A8 /* ViewController.m */ = {isa = PBXFileReference; fileEncoding = 4; lastKnownFileType = sourcecode.c.objc; path = ViewController.m; sourceTree = "<group>"; };
		37AAF1A61BF07849003DB6A8 /* img_no_one.png */ = {isa = PBXFileReference; lastKnownFileType = image.png; path = img_no_one.png; sourceTree = "<group>"; };
/* End PBXFileReference section */

/* Begin PBXFrameworksBuildPhase section */
		37AAF1671BF04985003DB6A8 /* Frameworks */ = {
			isa = PBXFrameworksBuildPhase;
			buildActionMask = 2147483647;
			files = (
				37AAF19E1BF04F43003DB6A8 /* JavaScriptCore.framework in Frameworks */,
				37AAF19C1BF04F3D003DB6A8 /* WebKit.framework in Frameworks */,
			);
			runOnlyForDeploymentPostprocessing = 0;
		};
/* End PBXFrameworksBuildPhase section */

/* Begin PBXGroup section */
		37AAF1611BF04985003DB6A8 = {
			isa = PBXGroup;
			children = (
				37AAF19A1BF04F29003DB6A8 /* Frameworks */,
				37AAF16C1BF04985003DB6A8 /* TestDemo */,
				37AAF16B1BF04985003DB6A8 /* Products */,
			);
			sourceTree = "<group>";
		};
		37AAF16B1BF04985003DB6A8 /* Products */ = {
			isa = PBXGroup;
			children = (
				37AAF16A1BF04985003DB6A8 /* TestDemo.app */,
			);
			name = Products;
			sourceTree = "<group>";
		};
		37AAF16C1BF04985003DB6A8 /* TestDemo */ = {
			isa = PBXGroup;
			children = (
				37AAF1841BF04A80003DB6A8 /* CDWebViewClass */,
				37AAF1701BF04985003DB6A8 /* AppDelegate.h */,
				37AAF1711BF04985003DB6A8 /* AppDelegate.m */,
				37AAF1A11BF07028003DB6A8 /* ViewController.h */,
				37AAF1A21BF07028003DB6A8 /* ViewController.m */,
				372C7BD91BF098F0001A08F0 /* WebLoadedViewController.h */,
				372C7BDA1BF098F0001A08F0 /* WebLoadedViewController.m */,
				372C7BD21BF0911F001A08F0 /* JSAndOCViewController.h */,
				372C7BD31BF0911F001A08F0 /* JSAndOCViewController.m */,
				37AAF16D1BF04985003DB6A8 /* Supporting Files */,
			);
			path = TestDemo;
			sourceTree = "<group>";
		};
		37AAF16D1BF04985003DB6A8 /* Supporting Files */ = {
			isa = PBXGroup;
			children = (
				372C7BD71BF09678001A08F0 /* test.html */,
				37AAF1A61BF07849003DB6A8 /* img_no_one.png */,
				37AAF17E1BF04985003DB6A8 /* Info.plist */,
				37AAF1791BF04985003DB6A8 /* Assets.xcassets */,
				37AAF17B1BF04985003DB6A8 /* LaunchScreen.storyboard */,
				37AAF16E1BF04985003DB6A8 /* main.m */,
			);
			name = "Supporting Files";
			sourceTree = "<group>";
		};
		37AAF1841BF04A80003DB6A8 /* CDWebViewClass */ = {
			isa = PBXGroup;
			children = (
				37AAF1971BF04D6E003DB6A8 /* MBProgressHUD.h */,
				37AAF1981BF04D6E003DB6A8 /* MBProgressHUD.m */,
				37AAF18D1BF04B0F003DB6A8 /* CDLoadExceptionView.h */,
				37AAF18E1BF04B0F003DB6A8 /* CDLoadExceptionView.m */,
				37AAF1901BF04B37003DB6A8 /* CDLoadExceptionView.xib */,
				37AAF1941BF04CBA003DB6A8 /* CDWebView.h */,
				37AAF1951BF04CBA003DB6A8 /* CDWebView.m */,
			);
			name = CDWebViewClass;
			path = ../../CDWebViewClass;
			sourceTree = "<group>";
		};
		37AAF19A1BF04F29003DB6A8 /* Frameworks */ = {
			isa = PBXGroup;
			children = (
				37AAF19D1BF04F43003DB6A8 /* JavaScriptCore.framework */,
				37AAF19B1BF04F3D003DB6A8 /* WebKit.framework */,
			);
			name = Frameworks;
			sourceTree = "<group>";
		};
/* End PBXGroup section */

/* Begin PBXNativeTarget section */
		37AAF1691BF04985003DB6A8 /* TestDemo */ = {
			isa = PBXNativeTarget;
			buildConfigurationList = 37AAF1811BF04985003DB6A8 /* Build configuration list for PBXNativeTarget "TestDemo" */;
			buildPhases = (
				37AAF1661BF04985003DB6A8 /* Sources */,
				37AAF1671BF04985003DB6A8 /* Frameworks */,
				37AAF1681BF04985003DB6A8 /* Resources */,
			);
			buildRules = (
			);
			dependencies = (
			);
			name = TestDemo;
			productName = TestDemo;
			productReference = 37AAF16A1BF04985003DB6A8 /* TestDemo.app */;
			productType = "com.apple.product-type.application";
		};
/* End PBXNativeTarget section */

/* Begin PBXProject section */
		37AAF1621BF04985003DB6A8 /* Project object */ = {
			isa = PBXProject;
			attributes = {
				LastUpgradeCheck = 0710;
				ORGANIZATIONNAME = Cindy;
				TargetAttributes = {
					37AAF1691BF04985003DB6A8 = {
						CreatedOnToolsVersion = 7.1;
					};
				};
			};
			buildConfigurationList = 37AAF1651BF04985003DB6A8 /* Build configuration list for PBXProject "TestDemo" */;
			compatibilityVersion = "Xcode 3.2";
			developmentRegion = English;
			hasScannedForEncodings = 0;
			knownRegions = (
				en,
				Base,
			);
			mainGroup = 37AAF1611BF04985003DB6A8;
			productRefGroup = 37AAF16B1BF04985003DB6A8 /* Products */;
			projectDirPath = "";
			projectRoot = "";
			targets = (
				37AAF1691BF04985003DB6A8 /* TestDemo */,
			);
		};
/* End PBXProject section */

/* Begin PBXResourcesBuildPhase section */
		37AAF1681BF04985003DB6A8 /* Resources */ = {
			isa = PBXResourcesBuildPhase;
			buildActionMask = 2147483647;
			files = (
				37AAF17D1BF04985003DB6A8 /* LaunchScreen.storyboard in Resources */,
				37AAF1911BF04B37003DB6A8 /* CDLoadExceptionView.xib in Resources */,
				37AAF17A1BF04985003DB6A8 /* Assets.xcassets in Resources */,
				372C7BD81BF09678001A08F0 /* test.html in Resources */,
				37AAF1A71BF07849003DB6A8 /* img_no_one.png in Resources */,
			);
			runOnlyForDeploymentPostprocessing = 0;
		};
/* End PBXResourcesBuildPhase section */

/* Begin PBXSourcesBuildPhase section */
		37AAF1661BF04985003DB6A8 /* Sources */ = {
			isa = PBXSourcesBuildPhase;
			buildActionMask = 2147483647;
			files = (
				37AAF1A31BF07028003DB6A8 /* ViewController.m in Sources */,
				37AAF18F1BF04B0F003DB6A8 /* CDLoadExceptionView.m in Sources */,
				372C7BDB1BF098F0001A08F0 /* WebLoadedViewController.m in Sources */,
				37AAF1961BF04CBA003DB6A8 /* CDWebView.m in Sources */,
				37AAF1721BF04985003DB6A8 /* AppDelegate.m in Sources */,
				372C7BD41BF0911F001A08F0 /* JSAndOCViewController.m in Sources */,
				37AAF16F1BF04985003DB6A8 /* main.m in Sources */,
				37AAF1991BF04D6E003DB6A8 /* MBProgressHUD.m in Sources */,
			);
			runOnlyForDeploymentPostprocessing = 0;
		};
/* End PBXSourcesBuildPhase section */

/* Begin PBXVariantGroup section */
		37AAF17B1BF04985003DB6A8 /* LaunchScreen.storyboard */ = {
			isa = PBXVariantGroup;
			children = (
				37AAF17C1BF04985003DB6A8 /* Base */,
			);
			name = LaunchScreen.storyboard;
			sourceTree = "<group>";
		};
/* End PBXVariantGroup section */

/* Begin XCBuildConfiguration section */
		37AAF17F1BF04985003DB6A8 /* Debug */ = {
			isa = XCBuildConfiguration;
			buildSettings = {
				ALWAYS_SEARCH_USER_PATHS = NO;
				CLANG_CXX_LANGUAGE_STANDARD = "gnu++0x";
				CLANG_CXX_LIBRARY = "libc++";
				CLANG_ENABLE_MODULES = YES;
				CLANG_ENABLE_OBJC_ARC = YES;
				CLANG_WARN_BOOL_CONVERSION = YES;
				CLANG_WARN_CONSTANT_CONVERSION = YES;
				CLANG_WARN_DIRECT_OBJC_ISA_USAGE = YES_ERROR;
				CLANG_WARN_EMPTY_BODY = YES;
				CLANG_WARN_ENUM_CONVERSION = YES;
				CLANG_WARN_INT_CONVERSION = YES;
				CLANG_WARN_OBJC_ROOT_CLASS = YES_ERROR;
				CLANG_WARN_UNREACHABLE_CODE = YES;
				CLANG_WARN__DUPLICATE_METHOD_MATCH = YES;
				"CODE_SIGN_IDENTITY[sdk=iphoneos*]" = "iPhone Developer";
				COPY_PHASE_STRIP = NO;
				DEBUG_INFORMATION_FORMAT = dwarf;
				ENABLE_STRICT_OBJC_MSGSEND = YES;
				ENABLE_TESTABILITY = YES;
				GCC_C_LANGUAGE_STANDARD = gnu99;
				GCC_DYNAMIC_NO_PIC = NO;
				GCC_NO_COMMON_BLOCKS = YES;
				GCC_OPTIMIZATION_LEVEL = 0;
				GCC_PREPROCESSOR_DEFINITIONS = (
					"DEBUG=1",
					"$(inherited)",
				);
				GCC_WARN_64_TO_32_BIT_CONVERSION = YES;
				GCC_WARN_ABOUT_RETURN_TYPE = YES_ERROR;
				GCC_WARN_UNDECLARED_SELECTOR = YES;
				GCC_WARN_UNINITIALIZED_AUTOS = YES_AGGRESSIVE;
				GCC_WARN_UNUSED_FUNCTION = YES;
				GCC_WARN_UNUSED_VARIABLE = YES;
				IPHONEOS_DEPLOYMENT_TARGET = 9.1;
				MTL_ENABLE_DEBUG_INFO = YES;
				ONLY_ACTIVE_ARCH = YES;
				SDKROOT = iphoneos;
			};
			name = Debug;
		};
		37AAF1801BF04985003DB6A8 /* Release */ = {
			isa = XCBuildConfiguration;
			buildSettings = {
				ALWAYS_SEARCH_USER_PATHS = NO;
				CLANG_CXX_LANGUAGE_STANDARD = "gnu++0x";
				CLANG_CXX_LIBRARY = "libc++";
				CLANG_ENABLE_MODULES = YES;
				CLANG_ENABLE_OBJC_ARC = YES;
				CLANG_WARN_BOOL_CONVERSION = YES;
				CLANG_WARN_CONSTANT_CONVERSION = YES;
				CLANG_WARN_DIRECT_OBJC_ISA_USAGE = YES_ERROR;
				CLANG_WARN_EMPTY_BODY = YES;
				CLANG_WARN_ENUM_CONVERSION = YES;
				CLANG_WARN_INT_CONVERSION = YES;
				CLANG_WARN_OBJC_ROOT_CLASS = YES_ERROR;
				CLANG_WARN_UNREACHABLE_CODE = YES;
				CLANG_WARN__DUPLICATE_METHOD_MATCH = YES;
				"CODE_SIGN_IDENTITY[sdk=iphoneos*]" = "iPhone Developer";
				COPY_PHASE_STRIP = NO;
				DEBUG_INFORMATION_FORMAT = "dwarf-with-dsym";
				ENABLE_NS_ASSERTIONS = NO;
				ENABLE_STRICT_OBJC_MSGSEND = YES;
				GCC_C_LANGUAGE_STANDARD = gnu99;
				GCC_NO_COMMON_BLOCKS = YES;
				GCC_WARN_64_TO_32_BIT_CONVERSION = YES;
				GCC_WARN_ABOUT_RETURN_TYPE = YES_ERROR;
				GCC_WARN_UNDECLARED_SELECTOR = YES;
				GCC_WARN_UNINITIALIZED_AUTOS = YES_AGGRESSIVE;
				GCC_WARN_UNUSED_FUNCTION = YES;
				GCC_WARN_UNUSED_VARIABLE = YES;
				IPHONEOS_DEPLOYMENT_TARGET = 9.1;
				MTL_ENABLE_DEBUG_INFO = NO;
				SDKROOT = iphoneos;
				VALIDATE_PRODUCT = YES;
			};
			name = Release;
		};
		37AAF1821BF04985003DB6A8 /* Debug */ = {
			isa = XCBuildConfiguration;
			buildSettings = {
				ASSETCATALOG_COMPILER_APPICON_NAME = AppIcon;
				INFOPLIST_FILE = TestDemo/Info.plist;
				IPHONEOS_DEPLOYMENT_TARGET = 7.0;
				LD_RUNPATH_SEARCH_PATHS = "$(inherited) @executable_path/Frameworks";
				PRODUCT_BUNDLE_IDENTIFIER = Cindy.TestDemo;
				PRODUCT_NAME = "$(TARGET_NAME)";
			};
			name = Debug;
		};
		37AAF1831BF04985003DB6A8 /* Release */ = {
			isa = XCBuildConfiguration;
			buildSettings = {
				ASSETCATALOG_COMPILER_APPICON_NAME = AppIcon;
				INFOPLIST_FILE = TestDemo/Info.plist;
				IPHONEOS_DEPLOYMENT_TARGET = 7.0;
				LD_RUNPATH_SEARCH_PATHS = "$(inherited) @executable_path/Frameworks";
				PRODUCT_BUNDLE_IDENTIFIER = Cindy.TestDemo;
				PRODUCT_NAME = "$(TARGET_NAME)";
			};
			name = Release;
		};
/* End XCBuildConfiguration section */

/* Begin XCConfigurationList section */
		37AAF1651BF04985003DB6A8 /* Build configuration list for PBXProject "TestDemo" */ = {
			isa = XCConfigurationList;
			buildConfigurations = (
				37AAF17F1BF04985003DB6A8 /* Debug */,
				37AAF1801BF04985003DB6A8 /* Release */,
			);
			defaultConfigurationIsVisible = 0;
			defaultConfigurationName = Release;
		};
		37AAF1811BF04985003DB6A8 /* Build configuration list for PBXNativeTarget "TestDemo" */ = {
			isa = XCConfigurationList;
			buildConfigurations = (
				37AAF1821BF04985003DB6A8 /* Debug */,
				37AAF1831BF04985003DB6A8 /* Release */,
			);
			defaultConfigurationIsVisible = 0;
			defaultConfigurationName = Release;
		};
/* End XCConfigurationList section */
	};
	rootObject = 37AAF1621BF04985003DB6A8 /* Project object */;
}
